
Microsoft Visual Studio Solution File, Format Version 12.00
# Visual Studio Version 16
VisualStudioVersion = 16.0.31424.327
MinimumVisualStudioVersion = 10.0.40219.1
Project("{FAE04EC0-301F-11D3-BF4B-00C04F79EFBC}") = "MyPoll", "MyPoll\MyPoll.csproj", "{39880A98-4A51-4D39-B653-46918622A7BD}"
EndProject
Global
	GlobalSection(SolutionConfigurationPlatforms) = preSolution
		Debug|Any CPU = Debug|Any CPU
		Release|Any CPU = Release|Any CPU
	EndGlobalSection
	GlobalSection(ProjectConfigurationPlatforms) = postSolution
		{39880A98-4A51-4D39-B653-46918622A7BD}.Debug|Any CPU.ActiveCfg = Debug|Any CPU
		{39880A98-4A51-4D39-B653-46918622A7BD}.Debug|Any CPU.Build.0 = Debug|Any CPU
		{39880A98-4A51-4D39-B653-46918622A7BD}.Release|Any CPU.ActiveCfg = Release|Any CPU
		{39880A98-4A51-4D39-B653-46918622A7BD}.Release|Any CPU.Build.0 = Release|Any CPU
	EndGlobalSection
	GlobalSection(SolutionProperties) = preSolution
		HideSolutionNode = FALSE
	EndGlobalSection
	GlobalSection(ExtensibilityGlobals) = postSolution
		SolutionGuid = {A748180F-C0E4-4CC3-BA09-F33F7D4A0E69}
	EndGlobalSection
EndGlobal
